// !$*UTF8*$!
{
	archiveVersion = 1;
	classes = {
	};
	objectVersion = 46;
	objects = {

/* Begin PBXBuildFile section */
		0AF2E93A1CA2A1E50097DC2E /* AppDelegate.m in Sources */ = {isa = PBXBuildFile; fileRef = 0AF2E9391CA2A1E50097DC2E /* AppDelegate.m */; };
		0AF2E93D1CA2A1E50097DC2E /* main.m in Sources */ = {isa = PBXBuildFile; fileRef = 0AF2E93C1CA2A1E50097DC2E /* main.m */; };
		0AF2E9401CA2A1E50097DC2E /* ViewController.m in Sources */ = {isa = PBXBuildFile; fileRef = 0AF2E93F1CA2A1E50097DC2E /* ViewController.m */; };
		0AF2E9421CA2A1E50097DC2E /* Assets.xcassets in Resources */ = {isa = PBXBuildFile; fileRef = 0AF2E9411CA2A1E50097DC2E /* Assets.xcassets */; };
		0AF2E9451CA2A1E50097DC2E /* Main.storyboard in Resources */ = {isa = PBXBuildFile; fileRef = 0AF2E9431CA2A1E50097DC2E /* Main.storyboard */; };
/* End PBXBuildFile section */

/* Begin PBXFileReference section */
		0AF2E9351CA2A1E50097DC2E /* TuDou.app */ = {isa = PBXFileReference; explicitFileType = wrapper.application; includeInIndex = 0; path = TuDou.app; sourceTree = BUILT_PRODUCTS_DIR; };
		0AF2E9381CA2A1E50097DC2E /* AppDelegate.h */ = {isa = PBXFileReference; lastKnownFileType = sourcecode.c.h; path = AppDelegate.h; sourceTree = "<group>"; };
		0AF2E9391CA2A1E50097DC2E /* AppDelegate.m */ = {isa = PBXFileReference; lastKnownFileType = sourcecode.c.objc; path = AppDelegate.m; sourceTree = "<group>"; };
		0AF2E93C1CA2A1E50097DC2E /* main.m */ = {isa = PBXFileReference; lastKnownFileType = sourcecode.c.objc; path = main.m; sourceTree = "<group>"; };
		0AF2E93E1CA2A1E50097DC2E /* ViewController.h */ = {isa = PBXFileReference; lastKnownFileType = sourcecode.c.h; path = ViewController.h; sourceTree = "<group>"; };
		0AF2E93F1CA2A1E50097DC2E /* ViewController.m */ = {isa = PBXFileReference; lastKnownFileType = sourcecode.c.objc; path = ViewController.m; sourceTree = "<group>"; };
		0AF2E9411CA2A1E50097DC2E /* Assets.xcassets */ = {isa = PBXFileReference; lastKnownFileType = folder.assetcatalog; path = Assets.xcassets; sourceTree = "<group>"; };
		0AF2E9441CA2A1E50097DC2E /* Base */ = {isa = PBXFileReference; lastKnownFileType = file.storyboard; name = Base; path = Base.lproj/Main.storyboard; sourceTree = "<group>"; };
		0AF2E9461CA2A1E50097DC2E /* Info.plist */ = {isa = PBXFileReference; lastKnownFileType = text.plist.xml; path = Info.plist; sourceTree = "<group>"; };
/* End PBXFileReference section */

/* Begin PBXFrameworksBuildPhase section */
		0AF2E9321CA2A1E50097DC2E /* Frameworks */ = {
			isa = PBXFrameworksBuildPhase;
			buildActionMask = 2147483647;
			files = (
			);
			runOnlyForDeploymentPostprocessing = 0;
		};
/* End PBXFrameworksBuildPhase section */

/* Begin PBXGroup section */
		0AF2E92C1CA2A1E50097DC2E = {
			isa = PBXGroup;
			children = (
				0AF2E9371CA2A1E50097DC2E /* TuDou */,
				0AF2E9361CA2A1E50097DC2E /* Products */,
			);
			sourceTree = "<group>";
		};
		0AF2E9361CA2A1E50097DC2E /* Products */ = {
			isa = PBXGroup;
			children = (
				0AF2E9351CA2A1E50097DC2E /* TuDou.app */,
			);
			name = Products;
			sourceTree = "<group>";
		};
		0AF2E9371CA2A1E50097DC2E /* TuDou */ = {
			isa = PBXGroup;
			children = (
				0AF2E9381CA2A1E50097DC2E /* AppDelegate.h */,
				0AF2E9391CA2A1E50097DC2E /* AppDelegate.m */,
				0AF2E93E1CA2A1E50097DC2E /* ViewController.h */,
				0AF2E93F1CA2A1E50097DC2E /* ViewController.m */,
				0AF2E9411CA2A1E50097DC2E /* Assets.xcassets */,
				0AF2E9431CA2A1E50097DC2E /* Main.storyboard */,
				0AF2E9461CA2A1E50097DC2E /* Info.plist */,
				0AF2E93B1CA2A1E50097DC2E /* Supporting Files */,
			);
			path = TuDou;
			sourceTree = "<group>";
		};
		0AF2E93B1CA2A1E50097DC2E /* Supporting Files */ = {
			isa = PBXGroup;
			children = (
				0AF2E93C1CA2A1E50097DC2E /* main.m */,
			);
			name = "Supporting Files";
			sourceTree = "<group>";
		};
/* End PBXGroup section */

/* Begin PBXNativeTarget section */
		0AF2E9341CA2A1E50097DC2E /* TuDou */ = {
			isa = PBXNativeTarget;
			buildConfigurationList = 0AF2E9491CA2A1E50097DC2E /* Build configuration list for PBXNativeTarget "TuDou" */;
			buildPhases = (
				0AF2E9311CA2A1E50097DC2E /* Sources */,
				0AF2E9321CA2A1E50097DC2E /* Frameworks */,
				0AF2E9331CA2A1E50097DC2E /* Resources */,
			);
			buildRules = (
			);
			dependencies = (
			);
			name = TuDou;
			productName = TuDou;
			productReference = 0AF2E9351CA2A1E50097DC2E /* TuDou.app */;
			productType = "com.apple.product-type.application";
		};
/* End PBXNativeTarget section */

/* Begin PBXProject section */
		0AF2E92D1CA2A1E50097DC2E /* Project object */ = {
			isa = PBXProject;
			attributes = {
				LastUpgradeCheck = 0720;
				ORGANIZATIONNAME = Sun;
				TargetAttributes = {
					0AF2E9341CA2A1E50097DC2E = {
						CreatedOnToolsVersion = 7.2;
					};
				};
			};
			buildConfigurationList = 0AF2E9301CA2A1E50097DC2E /* Build configuration list for PBXProject "TuDou" */;
			compatibilityVersion = "Xcode 3.2";
			developmentRegion = English;
			hasScannedForEncodings = 0;
			knownRegions = (
				en,
				Base,
			);
			mainGroup = 0AF2E92C1CA2A1E50097DC2E;
			productRefGroup = 0AF2E9361CA2A1E50097DC2E /* Products */;
			projectDirPath = "";
			projectRoot = "";
			targets = (
				0AF2E9341CA2A1E50097DC2E /* TuDou */,
			);
		};
/* End PBXProject section */

/* Begin PBXResourcesBuildPhase section */
		0AF2E9331CA2A1E50097DC2E /* Resources */ = {
			isa = PBXResourcesBuildPhase;
			buildActionMask = 2147483647;
			files = (
				0AF2E9421CA2A1E50097DC2E /* Assets.xcassets in Resources */,
				0AF2E9451CA2A1E50097DC2E /* Main.storyboard in Resources */,
			);
			runOnlyForDeploymentPostprocessing = 0;
		};
/* End PBXResourcesBuildPhase section */

/* Begin PBXSourcesBuildPhase section */
		0AF2E9311CA2A1E50097DC2E /* Sources */ = {
			isa = PBXSourcesBuildPhase;
			buildActionMask = 2147483647;
			files = (
				0AF2E9401CA2A1E50097DC2E /* ViewController.m in Sources */,
				0AF2E93D1CA2A1E50097DC2E /* main.m in Sources */,
				0AF2E93A1CA2A1E50097DC2E /* AppDelegate.m in Sources */,
			);
			runOnlyForDeploymentPostprocessing = 0;
		};
/* End PBXSourcesBuildPhase section */

/* Begin PBXVariantGroup section */
		0AF2E9431CA2A1E50097DC2E /* Main.storyboard */ = {
			isa = PBXVariantGroup;
			children = (
				0AF2E9441CA2A1E50097DC2E /* Base */,
			);
			name = Main.storyboard;
			sourceTree = "<group>";
		};
/* End PBXVariantGroup section */

/* Begin XCBuildConfiguration section */
		0AF2E9471CA2A1E50097DC2E /* Debug */ = {
			isa = XCBuildConfiguration;
			buildSettings = {
				ALWAYS_SEARCH_USER_PATHS = NO;
				CLANG_CXX_LANGUAGE_STANDARD = "gnu++0x";
				CLANG_CXX_LIBRARY = "libc++";
				CLANG_ENABLE_MODULES = YES;
				CLANG_ENABLE_OBJC_ARC = YES;
				CLANG_WARN_BOOL_CONVERSION = YES;
				CLANG_WARN_CONSTANT_CONVERSION = YES;
				CLANG_WARN_DIRECT_OBJC_ISA_USAGE = YES_ERROR;
				CLANG_WARN_EMPTY_BODY = YES;
				CLANG_WARN_ENUM_CONVERSION = YES;
				CLANG_WARN_INT_CONVERSION = YES;
				CLANG_WARN_OBJC_ROOT_CLASS = YES_ERROR;
				CLANG_WARN_UNREACHABLE_CODE = YES;
				CLANG_WARN__DUPLICATE_METHOD_MATCH = YES;
				CODE_SIGN_IDENTITY = "-";
				COPY_PHASE_STRIP = NO;
				DEBUG_INFORMATION_FORMAT = dwarf;
				ENABLE_STRICT_OBJC_MSGSEND = YES;
				ENABLE_TESTABILITY = YES;
				GCC_C_LANGUAGE_STANDARD = gnu99;
				GCC_DYNAMIC_NO_PIC = NO;
				GCC_NO_COMMON_BLOCKS = YES;
				GCC_OPTIMIZATION_LEVEL = 0;
				GCC_PREPROCESSOR_DEFINITIONS = (
					"DEBUG=1",
					"$(inherited)",
				);
				GCC_WARN_64_TO_32_BIT_CONVERSION = YES;
				GCC_WARN_ABOUT_RETURN_TYPE = YES_ERROR;
				GCC_WARN_UNDECLARED_SELECTOR = YES;
				GCC_WARN_UNINITIALIZED_AUTOS = YES_AGGRESSIVE;
				GCC_WARN_UNUSED_FUNCTION = YES;
				GCC_WARN_UNUSED_VARIABLE = YES;
				MACOSX_DEPLOYMENT_TARGET = 10.10;
				MTL_ENABLE_DEBUG_INFO = YES;
				ONLY_ACTIVE_ARCH = YES;
				SDKROOT = macosx;
			};
			name = Debug;
		};
		0AF2E9481CA2A1E50097DC2E /* Release */ = {
			isa = XCBuildConfiguration;
			buildSettings = {
				ALWAYS_SEARCH_USER_PATHS = NO;
				CLANG_CXX_LANGUAGE_STANDARD = "gnu++0x";
				CLANG_CXX_LIBRARY = "libc++";
				CLANG_ENABLE_MODULES = YES;
				CLANG_ENABLE_OBJC_ARC = YES;
				CLANG_WARN_BOOL_CONVERSION = YES;
				CLANG_WARN_CONSTANT_CONVERSION = YES;
				CLANG_WARN_DIRECT_OBJC_ISA_USAGE = YES_ERROR;
				CLANG_WARN_EMPTY_BODY = YES;
				CLANG_WARN_ENUM_CONVERSION = YES;
				CLANG_WARN_INT_CONVERSION = YES;
				CLANG_WARN_OBJC_ROOT_CLASS = YES_ERROR;
				CLANG_WARN_UNREACHABLE_CODE = YES;
				CLANG_WARN__DUPLICATE_METHOD_MATCH = YES;
				CODE_SIGN_IDENTITY = "-";
				COPY_PHASE_STRIP = NO;
				DEBUG_INFORMATION_FORMAT = "dwarf-with-dsym";
				ENABLE_NS_ASSERTIONS = NO;
				ENABLE_STRICT_OBJC_MSGSEND = YES;
				GCC_C_LANGUAGE_STANDARD = gnu99;
				GCC_NO_COMMON_BLOCKS = YES;
				GCC_WARN_64_TO_32_BIT_CONVERSION = YES;
				GCC_WARN_ABOUT_RETURN_TYPE = YES_ERROR;
				GCC_WARN_UNDECLARED_SELECTOR = YES;
				GCC_WARN_UNINITIALIZED_AUTOS = YES_AGGRESSIVE;
				GCC_WARN_UNUSED_FUNCTION = YES;
				GCC_WARN_UNUSED_VARIABLE = YES;
				MACOSX_DEPLOYMENT_TARGET = 10.10;
				MTL_ENABLE_DEBUG_INFO = NO;
				SDKROOT = macosx;
			};
			name = Release;
		};
		0AF2E94A1CA2A1E50097DC2E /* Debug */ = {
			isa = XCBuildConfiguration;
			buildSettings = {
				ASSETCATALOG_COMPILER_APPICON_NAME = AppIcon;
				COMBINE_HIDPI_IMAGES = YES;
				INFOPLIST_FILE = TuDou/Info.plist;
				LD_RUNPATH_SEARCH_PATHS = "$(inherited) @executable_path/../Frameworks";
				PRODUCT_BUNDLE_IDENTIFIER = "com.-Sun.com.TuDou";
				PRODUCT_NAME = "$(TARGET_NAME)";
			};
			name = Debug;
		};
		0AF2E94B1CA2A1E50097DC2E /* Release */ = {
			isa = XCBuildConfiguration;
			buildSettings = {
				ASSETCATALOG_COMPILER_APPICON_NAME = AppIcon;
				COMBINE_HIDPI_IMAGES = YES;
				INFOPLIST_FILE = TuDou/Info.plist;
				LD_RUNPATH_SEARCH_PATHS = "$(inherited) @executable_path/../Frameworks";
				PRODUCT_BUNDLE_IDENTIFIER = "com.-Sun.com.TuDou";
				PRODUCT_NAME = "$(TARGET_NAME)";
			};
			name = Release;
		};
/* End XCBuildConfiguration section */

/* Begin XCConfigurationList section */
		0AF2E9301CA2A1E50097DC2E /* Build configuration list for PBXProject "TuDou" */ = {
			isa = XCConfigurationList;
			buildConfigurations = (
				0AF2E9471CA2A1E50097DC2E /* Debug */,
				0AF2E9481CA2A1E50097DC2E /* Release */,
			);
			defaultConfigurationIsVisible = 0;
			defaultConfigurationName = Release;
		};
		0AF2E9491CA2A1E50097DC2E /* Build configuration list for PBXNativeTarget "TuDou" */ = {
			isa = XCConfigurationList;
			buildConfigurations = (
				0AF2E94A1CA2A1E50097DC2E /* Debug */,
				0AF2E94B1CA2A1E50097DC2E /* Release */,
			);
			defaultConfigurationIsVisible = 0;
		};
/* End XCConfigurationList section */
	};
	rootObject = 0AF2E92D1CA2A1E50097DC2E /* Project object */;
}
